
Microsoft Visual Studio Solution File, Format Version 12.00
# Visual Studio Version 16
VisualStudioVersion = 16.0.31402.337
MinimumVisualStudioVersion = 10.0.40219.1
Project("{FAE04EC0-301F-11D3-BF4B-00C04F79EFBC}") = "nox-adb-connector", "nox-adb-connector\nox-adb-connector.csproj", "{D18ECC79-FA68-4682-8B03-02E07524EF8D}"
EndProject
Global
	GlobalSection(SolutionConfigurationPlatforms) = preSolution
		Debug|Any CPU = Debug|Any CPU
		Release|Any CPU = Release|Any CPU
	EndGlobalSection
	GlobalSection(ProjectConfigurationPlatforms) = postSolution
		{D18ECC79-FA68-4682-8B03-02E07524EF8D}.Debug|Any CPU.ActiveCfg = Debug|Any CPU
		{D18ECC79-FA68-4682-8B03-02E07524EF8D}.Debug|Any CPU.Build.0 = Debug|Any CPU
		{D18ECC79-FA68-4682-8B03-02E07524EF8D}.Release|Any CPU.ActiveCfg = Release|Any CPU
		{D18ECC79-FA68-4682-8B03-02E07524EF8D}.Release|Any CPU.Build.0 = Release|Any CPU
	EndGlobalSection
	GlobalSection(SolutionProperties) = preSolution
		HideSolutionNode = FALSE
	EndGlobalSection
	GlobalSection(ExtensibilityGlobals) = postSolution
		SolutionGuid = {34FEE26D-D2DC-4DC3-ABE6-E2D8CAE519B7}
	EndGlobalSection
EndGlobal
